
Microsoft Visual Studio Solution File, Format Version 12.00
# Visual Studio Version 16
VisualStudioVersion = 16.0.30309.148
MinimumVisualStudioVersion = 10.0.40219.1
Project("{2150E333-8FDC-42A3-9474-1A3956D46DE8}") = "src", "src", "{7B6AA0C0-59A2-431A-B563-03C141DBCD56}"
EndProject
Project("{2150E333-8FDC-42A3-9474-1A3956D46DE8}") = "tests", "tests", "{63E4107D-5A02-4ECB-8428-E9FAB4F87579}"
EndProject
Project("{2150E333-8FDC-42A3-9474-1A3956D46DE8}") = "docs", "docs", "{E352842F-F5D2-4A78-9AC5-46DCF282E1F7}"
	ProjectSection(SolutionItems) = preProject
		Placeholder.txt = Placeholder.txt
	EndProjectSection
EndProject
Project("{2150E333-8FDC-42A3-9474-1A3956D46DE8}") = "Solution Items", "Solution Items", "{B47FE227-DA8F-48ED-AAD7-3EBBE36E432E}"
	ProjectSection(SolutionItems) = preProject
		.editorconfig = .editorconfig
		.gitignore = .gitignore
		.github\ISSUE_TEMPLATE\bug_report.md = .github\ISSUE_TEMPLATE\bug_report.md
		.github\workflows\build.yml = .github\workflows\build.yml
		.github\ISSUE_TEMPLATE\feature_request.md = .github\ISSUE_TEMPLATE\feature_request.md
		.github\PULL_REQUEST_TEMPLATE.md = .github\PULL_REQUEST_TEMPLATE.md
		README.md = README.md
		.github\workflows\release.yml = .github\workflows\release.yml
		.github\weekly-digest.yml = .github\weekly-digest.yml
	EndProjectSection
EndProject
Project("{E53339B2-1760-4266-BCC7-CA923CBCF16C}") = "docker-compose", "docker-compose.dcproj", "{B1BDE6AC-17AC-4AC5-80FA-CEB1F40C35CB}"
EndProject
Project("{9A19103F-16F7-4668-BE54-9A1E7A4F7556}") = "SIO.Google.Synthesiser", "src\SIO.Google.Synthesiser\SIO.Google.Synthesiser.csproj", "{FB75FA9F-0D1E-4545-84C1-08F231646232}"
EndProject
Project("{9A19103F-16F7-4668-BE54-9A1E7A4F7556}") = "SIO.Domain", "src\SIO.Domain\SIO.Domain.csproj", "{021BF836-3701-4461-B23F-5F29F4FFCDC6}"
EndProject
Project("{FAE04EC0-301F-11D3-BF4B-00C04F79EFBC}") = "SIO.Google.Credentials", "src\SIO.Google.Credentials\SIO.Google.Credentials.csproj", "{A32F1EDD-DE45-4A39-8383-747C0D0C516C}"
EndProject
Global
	GlobalSection(SolutionConfigurationPlatforms) = preSolution
		Debug|Any CPU = Debug|Any CPU
		Release|Any CPU = Release|Any CPU
	EndGlobalSection
	GlobalSection(ProjectConfigurationPlatforms) = postSolution
		{B1BDE6AC-17AC-4AC5-80FA-CEB1F40C35CB}.Debug|Any CPU.ActiveCfg = Debug|Any CPU
		{B1BDE6AC-17AC-4AC5-80FA-CEB1F40C35CB}.Debug|Any CPU.Build.0 = Debug|Any CPU
		{B1BDE6AC-17AC-4AC5-80FA-CEB1F40C35CB}.Release|Any CPU.ActiveCfg = Release|Any CPU
		{B1BDE6AC-17AC-4AC5-80FA-CEB1F40C35CB}.Release|Any CPU.Build.0 = Release|Any CPU
		{FB75FA9F-0D1E-4545-84C1-08F231646232}.Debug|Any CPU.ActiveCfg = Debug|Any CPU
		{FB75FA9F-0D1E-4545-84C1-08F231646232}.Debug|Any CPU.Build.0 = Debug|Any CPU
		{FB75FA9F-0D1E-4545-84C1-08F231646232}.Release|Any CPU.ActiveCfg = Release|Any CPU
		{FB75FA9F-0D1E-4545-84C1-08F231646232}.Release|Any CPU.Build.0 = Release|Any CPU
		{021BF836-3701-4461-B23F-5F29F4FFCDC6}.Debug|Any CPU.ActiveCfg = Debug|Any CPU
		{021BF836-3701-4461-B23F-5F29F4FFCDC6}.Debug|Any CPU.Build.0 = Debug|Any CPU
		{021BF836-3701-4461-B23F-5F29F4FFCDC6}.Release|Any CPU.ActiveCfg = Release|Any CPU
		{021BF836-3701-4461-B23F-5F29F4FFCDC6}.Release|Any CPU.Build.0 = Release|Any CPU
		{A32F1EDD-DE45-4A39-8383-747C0D0C516C}.Debug|Any CPU.ActiveCfg = Debug|Any CPU
		{A32F1EDD-DE45-4A39-8383-747C0D0C516C}.Debug|Any CPU.Build.0 = Debug|Any CPU
		{A32F1EDD-DE45-4A39-8383-747C0D0C516C}.Release|Any CPU.ActiveCfg = Release|Any CPU
		{A32F1EDD-DE45-4A39-8383-747C0D0C516C}.Release|Any CPU.Build.0 = Release|Any CPU
	EndGlobalSection
	GlobalSection(SolutionProperties) = preSolution
		HideSolutionNode = FALSE
	EndGlobalSection
	GlobalSection(NestedProjects) = preSolution
		{FB75FA9F-0D1E-4545-84C1-08F231646232} = {7B6AA0C0-59A2-431A-B563-03C141DBCD56}
		{021BF836-3701-4461-B23F-5F29F4FFCDC6} = {7B6AA0C0-59A2-431A-B563-03C141DBCD56}
		{A32F1EDD-DE45-4A39-8383-747C0D0C516C} = {7B6AA0C0-59A2-431A-B563-03C141DBCD56}
	EndGlobalSection
	GlobalSection(ExtensibilityGlobals) = postSolution
		SolutionGuid = {98D2C644-AEB8-4977-BAEC-B8C7B57C71C2}
	EndGlobalSection
EndGlobal
