
Microsoft Visual Studio Solution File, Format Version 12.00
# Visual Studio Version 17
VisualStudioVersion = 17.0.31717.71
MinimumVisualStudioVersion = 10.0.40219.1
Project("{2150E333-8FDC-42A3-9474-1A3956D46DE8}") = "src", "src", "{844A6926-735C-4567-A885-17E2D7A96FA4}"
EndProject
Project("{2150E333-8FDC-42A3-9474-1A3956D46DE8}") = "test", "test", "{CB2F8209-9A3B-415C-AF19-1CFD43091F17}"
EndProject
Project("{9A19103F-16F7-4668-BE54-9A1E7A4F7556}") = "SIO.Google.Synthesiser", "src\SIO.Google.Synthesiser\SIO.Google.Synthesiser.csproj", "{F42803A4-D3FF-4F3B-BDA7-0D407F7A70A7}"
EndProject
Project("{9A19103F-16F7-4668-BE54-9A1E7A4F7556}") = "SIO.Domain", "src\SIO.Domain\SIO.Domain.csproj", "{8F8ADB36-F93B-45E3-B4E4-3C25936E341C}"
EndProject
Project("{9A19103F-16F7-4668-BE54-9A1E7A4F7556}") = "SIO.Google.Credentials", "src\SIO.Google.Credentials\SIO.Google.Credentials.csproj", "{0AB45B20-330E-4293-AA0A-99CE7EC3574A}"
EndProject
Project("{E53339B2-1760-4266-BCC7-CA923CBCF16C}") = "docker-compose", "docker-compose.dcproj", "{EC60A0EB-2AF8-43C1-9EC1-E39D93E4EAEF}"
EndProject
Project("{FAE04EC0-301F-11D3-BF4B-00C04F79EFBC}") = "SIO.Domain.Tests", "test\SIO.Domain.Tests\SIO.Domain.Tests.csproj", "{7495314F-CA51-44CE-8418-B7A7D4B3A224}"
EndProject
Project("{FAE04EC0-301F-11D3-BF4B-00C04F79EFBC}") = "SIO.Google.Synthesiser.Tests", "test\SIO.Google.Synthesiser.Tests\SIO.Google.Synthesiser.Tests.csproj", "{9DA2B4D8-3EDA-4AA1-89EE-01F05715B2F2}"
EndProject
Project("{FAE04EC0-301F-11D3-BF4B-00C04F79EFBC}") = "SIO.Google.Credentials.Tests", "test\SIO.Google.Credentials.Tests\SIO.Google.Credentials.Tests.csproj", "{0111EA15-5898-4ED8-B0EF-F22B0430608D}"
EndProject
Global
	GlobalSection(SolutionConfigurationPlatforms) = preSolution
		Debug|Any CPU = Debug|Any CPU
		Release|Any CPU = Release|Any CPU
	EndGlobalSection
	GlobalSection(ProjectConfigurationPlatforms) = postSolution
		{F42803A4-D3FF-4F3B-BDA7-0D407F7A70A7}.Debug|Any CPU.ActiveCfg = Debug|Any CPU
		{F42803A4-D3FF-4F3B-BDA7-0D407F7A70A7}.Debug|Any CPU.Build.0 = Debug|Any CPU
		{F42803A4-D3FF-4F3B-BDA7-0D407F7A70A7}.Release|Any CPU.ActiveCfg = Release|Any CPU
		{F42803A4-D3FF-4F3B-BDA7-0D407F7A70A7}.Release|Any CPU.Build.0 = Release|Any CPU
		{8F8ADB36-F93B-45E3-B4E4-3C25936E341C}.Debug|Any CPU.ActiveCfg = Debug|Any CPU
		{8F8ADB36-F93B-45E3-B4E4-3C25936E341C}.Debug|Any CPU.Build.0 = Debug|Any CPU
		{8F8ADB36-F93B-45E3-B4E4-3C25936E341C}.Release|Any CPU.ActiveCfg = Release|Any CPU
		{8F8ADB36-F93B-45E3-B4E4-3C25936E341C}.Release|Any CPU.Build.0 = Release|Any CPU
		{0AB45B20-330E-4293-AA0A-99CE7EC3574A}.Debug|Any CPU.ActiveCfg = Debug|Any CPU
		{0AB45B20-330E-4293-AA0A-99CE7EC3574A}.Debug|Any CPU.Build.0 = Debug|Any CPU
		{0AB45B20-330E-4293-AA0A-99CE7EC3574A}.Release|Any CPU.ActiveCfg = Release|Any CPU
		{0AB45B20-330E-4293-AA0A-99CE7EC3574A}.Release|Any CPU.Build.0 = Release|Any CPU
		{EC60A0EB-2AF8-43C1-9EC1-E39D93E4EAEF}.Debug|Any CPU.ActiveCfg = Debug|Any CPU
		{EC60A0EB-2AF8-43C1-9EC1-E39D93E4EAEF}.Debug|Any CPU.Build.0 = Debug|Any CPU
		{EC60A0EB-2AF8-43C1-9EC1-E39D93E4EAEF}.Release|Any CPU.ActiveCfg = Release|Any CPU
		{EC60A0EB-2AF8-43C1-9EC1-E39D93E4EAEF}.Release|Any CPU.Build.0 = Release|Any CPU
		{7495314F-CA51-44CE-8418-B7A7D4B3A224}.Debug|Any CPU.ActiveCfg = Debug|Any CPU
		{7495314F-CA51-44CE-8418-B7A7D4B3A224}.Debug|Any CPU.Build.0 = Debug|Any CPU
		{7495314F-CA51-44CE-8418-B7A7D4B3A224}.Release|Any CPU.ActiveCfg = Release|Any CPU
		{7495314F-CA51-44CE-8418-B7A7D4B3A224}.Release|Any CPU.Build.0 = Release|Any CPU
		{9DA2B4D8-3EDA-4AA1-89EE-01F05715B2F2}.Debug|Any CPU.ActiveCfg = Debug|Any CPU
		{9DA2B4D8-3EDA-4AA1-89EE-01F05715B2F2}.Debug|Any CPU.Build.0 = Debug|Any CPU
		{9DA2B4D8-3EDA-4AA1-89EE-01F05715B2F2}.Release|Any CPU.ActiveCfg = Release|Any CPU
		{9DA2B4D8-3EDA-4AA1-89EE-01F05715B2F2}.Release|Any CPU.Build.0 = Release|Any CPU
		{0111EA15-5898-4ED8-B0EF-F22B0430608D}.Debug|Any CPU.ActiveCfg = Debug|Any CPU
		{0111EA15-5898-4ED8-B0EF-F22B0430608D}.Debug|Any CPU.Build.0 = Debug|Any CPU
		{0111EA15-5898-4ED8-B0EF-F22B0430608D}.Release|Any CPU.ActiveCfg = Release|Any CPU
		{0111EA15-5898-4ED8-B0EF-F22B0430608D}.Release|Any CPU.Build.0 = Release|Any CPU
	EndGlobalSection
	GlobalSection(SolutionProperties) = preSolution
		HideSolutionNode = FALSE
	EndGlobalSection
	GlobalSection(NestedProjects) = preSolution
		{F42803A4-D3FF-4F3B-BDA7-0D407F7A70A7} = {844A6926-735C-4567-A885-17E2D7A96FA4}
		{8F8ADB36-F93B-45E3-B4E4-3C25936E341C} = {844A6926-735C-4567-A885-17E2D7A96FA4}
		{0AB45B20-330E-4293-AA0A-99CE7EC3574A} = {844A6926-735C-4567-A885-17E2D7A96FA4}
		{7495314F-CA51-44CE-8418-B7A7D4B3A224} = {CB2F8209-9A3B-415C-AF19-1CFD43091F17}
		{9DA2B4D8-3EDA-4AA1-89EE-01F05715B2F2} = {CB2F8209-9A3B-415C-AF19-1CFD43091F17}
		{0111EA15-5898-4ED8-B0EF-F22B0430608D} = {CB2F8209-9A3B-415C-AF19-1CFD43091F17}
	EndGlobalSection
	GlobalSection(ExtensibilityGlobals) = postSolution
		SolutionGuid = {13473A16-18B0-46A2-9BF7-3198FCAD3C79}
	EndGlobalSection
EndGlobal
